// !$*UTF8*$!
{
	archiveVersion = 1;
	classes = {
	};
	objectVersion = 48;
	objects = {

/* Begin PBXBuildFile section */
		0A65638C2112E4FC00B3DB24 /* FriendModel.swift in Sources */ = {isa = PBXBuildFile; fileRef = 0A65638B2112E4FC00B3DB24 /* FriendModel.swift */; };
		0A6563902112EA2C00B3DB24 /* Mappable.swift in Sources */ = {isa = PBXBuildFile; fileRef = 0A65638F2112EA2C00B3DB24 /* Mappable.swift */; };
		0A6563992112FAA100B3DB24 /* FriendCell.swift in Sources */ = {isa = PBXBuildFile; fileRef = 0A6563972112FAA100B3DB24 /* FriendCell.swift */; };
		0A65639A2112FAA100B3DB24 /* FriendCell.xib in Resources */ = {isa = PBXBuildFile; fileRef = 0A6563982112FAA100B3DB24 /* FriendCell.xib */; };
		0A65639D21130A4900B3DB24 /* MomentModel.swift in Sources */ = {isa = PBXBuildFile; fileRef = 0A65639C21130A4900B3DB24 /* MomentModel.swift */; };
		0AA8FD0C21140A0F0039C630 /* UIView+Extension.swift in Sources */ = {isa = PBXBuildFile; fileRef = 0AA8FD0B21140A0F0039C630 /* UIView+Extension.swift */; };
		0D67BB0BCADAC71027EF78F5 /* Pods_WeChatTests.framework in Frameworks */ = {isa = PBXBuildFile; fileRef = 8B0542E27FB541926BA8969A /* Pods_WeChatTests.framework */; };
		24EE167E4AA16A2BD4F30D3A /* Pods_WeChatUITests.framework in Frameworks */ = {isa = PBXBuildFile; fileRef = 8B25E383BD640089DEF78B89 /* Pods_WeChatUITests.framework */; };
		51D0CE0A38F05908826F95B9 /* Pods_WeChat.framework in Frameworks */ = {isa = PBXBuildFile; fileRef = 4519258E74664E5BDD03B12C /* Pods_WeChat.framework */; };
		8B1238E6210DEBE90048D25D /* SQLoginViewController.swift in Sources */ = {isa = PBXBuildFile; fileRef = 8B1238E4210DEBE90048D25D /* SQLoginViewController.swift */; };
		8B1238E7210DEBE90048D25D /* SQLoginViewController.xib in Resources */ = {isa = PBXBuildFile; fileRef = 8B1238E5210DEBE90048D25D /* SQLoginViewController.xib */; };
		8B1238EC210DF6470048D25D /* LoginAPI.swift in Sources */ = {isa = PBXBuildFile; fileRef = 8B1238EB210DF6470048D25D /* LoginAPI.swift */; };
		8B1238EF210DFE9F0048D25D /* UserModel.swift in Sources */ = {isa = PBXBuildFile; fileRef = 8B1238EE210DFE9F0048D25D /* UserModel.swift */; };
		8B1238F1210E0DE10048D25D /* Number+Extension.swift in Sources */ = {isa = PBXBuildFile; fileRef = 8B1238F0210E0DE10048D25D /* Number+Extension.swift */; };
		8B3C2731210F577C0028953F /* UIViewController+Extension.swift in Sources */ = {isa = PBXBuildFile; fileRef = 8B3C2730210F577C0028953F /* UIViewController+Extension.swift */; };
		8B3C2733210F63460028953F /* Extension+TargetType.swift in Sources */ = {isa = PBXBuildFile; fileRef = 8B3C2732210F63460028953F /* Extension+TargetType.swift */; };
		8B4818CB21171A8600C290D8 /* UINavigationController+Extension.swift in Sources */ = {isa = PBXBuildFile; fileRef = 8B4818CA21171A8600C290D8 /* UINavigationController+Extension.swift */; };
		8B5F5B371F700A2D007C07D0 /* SQMessageViewController.swift in Sources */ = {isa = PBXBuildFile; fileRef = 8B5F5B361F700A2D007C07D0 /* SQMessageViewController.swift */; };
		8B5F5B391F700A45007C07D0 /* SQFriendsViewController.swift in Sources */ = {isa = PBXBuildFile; fileRef = 8B5F5B381F700A45007C07D0 /* SQFriendsViewController.swift */; };
		8B5F5B3B1F700A54007C07D0 /* SQDiscoverViewController.swift in Sources */ = {isa = PBXBuildFile; fileRef = 8B5F5B3A1F700A54007C07D0 /* SQDiscoverViewController.swift */; };
		8B5F5B3D1F700A5E007C07D0 /* SQMineViewController.swift in Sources */ = {isa = PBXBuildFile; fileRef = 8B5F5B3C1F700A5E007C07D0 /* SQMineViewController.swift */; };
		8B5F5B3F1F700A8C007C07D0 /* SQNavigationViewController.swift in Sources */ = {isa = PBXBuildFile; fileRef = 8B5F5B3E1F700A8C007C07D0 /* SQNavigationViewController.swift */; };
		8B7417AD1F89187400A5D37E /* SQFriendsMomentsController.swift in Sources */ = {isa = PBXBuildFile; fileRef = 8B7417AC1F89187400A5D37E /* SQFriendsMomentsController.swift */; };
		8B7417B01F891AFD00A5D37E /* SQSearchResultViewController.swift in Sources */ = {isa = PBXBuildFile; fileRef = 8B7417AF1F891AFD00A5D37E /* SQSearchResultViewController.swift */; };
		8B7417B21F891B2B00A5D37E /* Macros.swift in Sources */ = {isa = PBXBuildFile; fileRef = 8B7417B11F891B2B00A5D37E /* Macros.swift */; };
		8B7417B41F89249D00A5D37E /* SQMessageCell.swift in Sources */ = {isa = PBXBuildFile; fileRef = 8B7417B31F89249D00A5D37E /* SQMessageCell.swift */; };
		8B8F39D8210CC10600E53CBC /* SQWebSocketService.swift in Sources */ = {isa = PBXBuildFile; fileRef = 8B8F39D7210CC10600E53CBC /* SQWebSocketService.swift */; };
		8B8F39DA210CCB9100E53CBC /* String+Extension.swift in Sources */ = {isa = PBXBuildFile; fileRef = 8B8F39D9210CCB9100E53CBC /* String+Extension.swift */; };
		8B8F39DD210CCE4500E53CBC /* Dictionary+Extension.swift in Sources */ = {isa = PBXBuildFile; fileRef = 8B8F39DC210CCE4500E53CBC /* Dictionary+Extension.swift */; };
		8B9ED8C520BABF06009CA600 /* NetworkManager.swift in Sources */ = {isa = PBXBuildFile; fileRef = 8B9ED8C420BABF06009CA600 /* NetworkManager.swift */; };
		8BBBA65B1F79FCFA008E18A5 /* UIColor+Extension.swift in Sources */ = {isa = PBXBuildFile; fileRef = 8BBBA65A1F79FCFA008E18A5 /* UIColor+Extension.swift */; };
		8BBBA65E1F7A9014008E18A5 /* SQMineUserInfoCell.swift in Sources */ = {isa = PBXBuildFile; fileRef = 8BBBA65C1F7A9014008E18A5 /* SQMineUserInfoCell.swift */; };
		8BBBA65F1F7A9014008E18A5 /* SQMineUserInfoCell.xib in Resources */ = {isa = PBXBuildFile; fileRef = 8BBBA65D1F7A9014008E18A5 /* SQMineUserInfoCell.xib */; };
		8BC09DAF2113501400DC463D /* FriendMomentCell.swift in Sources */ = {isa = PBXBuildFile; fileRef = 8BC09DAE2113501400DC463D /* FriendMomentCell.swift */; };
		8BC09DB1211359A200DC463D /* TimelineLayoutService.swift in Sources */ = {isa = PBXBuildFile; fileRef = 8BC09DB0211359A200DC463D /* TimelineLayoutService.swift */; };
		8BDCD8DE1F65848300C53260 /* AppDelegate.swift in Sources */ = {isa = PBXBuildFile; fileRef = 8BDCD8DD1F65848300C53260 /* AppDelegate.swift */; };
		8BDCD8E51F65848300C53260 /* Assets.xcassets in Resources */ = {isa = PBXBuildFile; fileRef = 8BDCD8E41F65848300C53260 /* Assets.xcassets */; };
		8BDCD8F31F65848300C53260 /* WeChatTests.swift in Sources */ = {isa = PBXBuildFile; fileRef = 8BDCD8F21F65848300C53260 /* WeChatTests.swift */; };
		8BDCD8FE1F65848300C53260 /* WeChatUITests.swift in Sources */ = {isa = PBXBuildFile; fileRef = 8BDCD8FD1F65848300C53260 /* WeChatUITests.swift */; };
		8BDCD9251F658C0A00C53260 /* SQRootViewController.swift in Sources */ = {isa = PBXBuildFile; fileRef = 8BDCD9241F658C0A00C53260 /* SQRootViewController.swift */; };
		8BE1CD3220936AFA007E017D /* FriendService.swift in Sources */ = {isa = PBXBuildFile; fileRef = 8BE1CD3120936AFA007E017D /* FriendService.swift */; };
		8BF4F91120E28F1C00A6E693 /* TimelineService.swift in Sources */ = {isa = PBXBuildFile; fileRef = 8BF4F91020E28F1C00A6E693 /* TimelineService.swift */; };
		8BFA39B12115336C004DAA90 /* SystemPhotoService.swift in Sources */ = {isa = PBXBuildFile; fileRef = 8BFA39B02115336C004DAA90 /* SystemPhotoService.swift */; };
		8BFA39D22115542A004DAA90 /* TZImageCropManager.m in Sources */ = {isa = PBXBuildFile; fileRef = 8BFA39B72115542A004DAA90 /* TZImageCropManager.m */; };
		8BFA39D32115542A004DAA90 /* TZAssetCell.m in Sources */ = {isa = PBXBuildFile; fileRef = 8BFA39B92115542A004DAA90 /* TZAssetCell.m */; };
		8BFA39D42115542A004DAA90 /* TZVideoPlayerController.m in Sources */ = {isa = PBXBuildFile; fileRef = 8BFA39BA2115542A004DAA90 /* TZVideoPlayerController.m */; };
		8BFA39D52115542A004DAA90 /* TZAssetModel.m in Sources */ = {isa = PBXBuildFile; fileRef = 8BFA39BB2115542A004DAA90 /* TZAssetModel.m */; };
		8BFA39D62115542A004DAA90 /* NSBundle+TZImagePicker.m in Sources */ = {isa = PBXBuildFile; fileRef = 8BFA39BC2115542A004DAA90 /* NSBundle+TZImagePicker.m */; };
		8BFA39D72115542A004DAA90 /* UIView+Layout.m in Sources */ = {isa = PBXBuildFile; fileRef = 8BFA39BF2115542A004DAA90 /* UIView+Layout.m */; };
		8BFA39D82115542A004DAA90 /* TZPhotoPreviewController.m in Sources */ = {isa = PBXBuildFile; fileRef = 8BFA39C02115542A004DAA90 /* TZPhotoPreviewController.m */; };
		8BFA39D92115542A004DAA90 /* TZImagePickerController.bundle in Resources */ = {isa = PBXBuildFile; fileRef = 8BFA39C12115542A004DAA90 /* TZImagePickerController.bundle */; };
		8BFA39DA2115542A004DAA90 /* TZProgressView.m in Sources */ = {isa = PBXBuildFile; fileRef = 8BFA39C22115542A004DAA90 /* TZProgressView.m */; };
		8BFA39DB2115542A004DAA90 /* TZImageManager.m in Sources */ = {isa = PBXBuildFile; fileRef = 8BFA39C52115542A004DAA90 /* TZImageManager.m */; };
		8BFA39DC2115542A004DAA90 /* TZPhotoPickerController.m in Sources */ = {isa = PBXBuildFile; fileRef = 8BFA39C72115542A004DAA90 /* TZPhotoPickerController.m */; };
		8BFA39DD2115542A004DAA90 /* TZPhotoPreviewCell.m in Sources */ = {isa = PBXBuildFile; fileRef = 8BFA39C82115542A004DAA90 /* TZPhotoPreviewCell.m */; };
		8BFA39DE2115542A004DAA90 /* TZImagePickerController.m in Sources */ = {isa = PBXBuildFile; fileRef = 8BFA39CE2115542A004DAA90 /* TZImagePickerController.m */; };
		8BFA39DF2115542A004DAA90 /* TZLocationManager.m in Sources */ = {isa = PBXBuildFile; fileRef = 8BFA39CF2115542A004DAA90 /* TZLocationManager.m */; };
		8BFA39E02115542A004DAA90 /* TZGifPhotoPreviewController.m in Sources */ = {isa = PBXBuildFile; fileRef = 8BFA39D02115542A004DAA90 /* TZGifPhotoPreviewController.m */; };
		8BFA39E221155914004DAA90 /* UploadService.swift in Sources */ = {isa = PBXBuildFile; fileRef = 8BFA39E121155914004DAA90 /* UploadService.swift */; };
/* End PBXBuildFile section */

/* Begin PBXContainerItemProxy section */
		8BDCD8EF1F65848300C53260 /* PBXContainerItemProxy */ = {
			isa = PBXContainerItemProxy;
			containerPortal = 8BDCD8D21F65848300C53260 /* Project object */;
			proxyType = 1;
			remoteGlobalIDString = 8BDCD8D91F65848300C53260;
			remoteInfo = WeChat;
		};
		8BDCD8FA1F65848300C53260 /* PBXContainerItemProxy */ = {
			isa = PBXContainerItemProxy;
			containerPortal = 8BDCD8D21F65848300C53260 /* Project object */;
			proxyType = 1;
			remoteGlobalIDString = 8BDCD8D91F65848300C53260;
			remoteInfo = WeChat;
		};
/* End PBXContainerItemProxy section */

/* Begin PBXFileReference section */
		0A65638B2112E4FC00B3DB24 /* FriendModel.swift */ = {isa = PBXFileReference; lastKnownFileType = sourcecode.swift; path = FriendModel.swift; sourceTree = "<group>"; };
		0A65638F2112EA2C00B3DB24 /* Mappable.swift */ = {isa = PBXFileReference; lastKnownFileType = sourcecode.swift; path = Mappable.swift; sourceTree = "<group>"; };
		0A6563972112FAA100B3DB24 /* FriendCell.swift */ = {isa = PBXFileReference; lastKnownFileType = sourcecode.swift; path = FriendCell.swift; sourceTree = "<group>"; };
		0A6563982112FAA100B3DB24 /* FriendCell.xib */ = {isa = PBXFileReference; lastKnownFileType = file.xib; path = FriendCell.xib; sourceTree = "<group>"; };
		0A65639C21130A4900B3DB24 /* MomentModel.swift */ = {isa = PBXFileReference; lastKnownFileType = sourcecode.swift; path = MomentModel.swift; sourceTree = "<group>"; };
		0AA8FD0B21140A0F0039C630 /* UIView+Extension.swift */ = {isa = PBXFileReference; lastKnownFileType = sourcecode.swift; path = "UIView+Extension.swift"; sourceTree = "<group>"; };
		314EE026DBE1BC6C19D1E965 /* Pods-WeChatTests.release.xcconfig */ = {isa = PBXFileReference; includeInIndex = 1; lastKnownFileType = text.xcconfig; name = "Pods-WeChatTests.release.xcconfig"; path = "Pods/Target Support Files/Pods-WeChatTests/Pods-WeChatTests.release.xcconfig"; sourceTree = "<group>"; };
		4519258E74664E5BDD03B12C /* Pods_WeChat.framework */ = {isa = PBXFileReference; explicitFileType = wrapper.framework; includeInIndex = 0; path = Pods_WeChat.framework; sourceTree = BUILT_PRODUCTS_DIR; };
		50D505C4DC05ED1E5F736CED /* Pods-WeChatUITests.debug.xcconfig */ = {isa = PBXFileReference; includeInIndex = 1; lastKnownFileType = text.xcconfig; name = "Pods-WeChatUITests.debug.xcconfig"; path = "Pods/Target Support Files/Pods-WeChatUITests/Pods-WeChatUITests.debug.xcconfig"; sourceTree = "<group>"; };
		6B7B610F63FF91C8394C4FDC /* Pods-WeChat.debug.xcconfig */ = {isa = PBXFileReference; includeInIndex = 1; lastKnownFileType = text.xcconfig; name = "Pods-WeChat.debug.xcconfig"; path = "Pods/Target Support Files/Pods-WeChat/Pods-WeChat.debug.xcconfig"; sourceTree = "<group>"; };
		8B0542E27FB541926BA8969A /* Pods_WeChatTests.framework */ = {isa = PBXFileReference; explicitFileType = wrapper.framework; includeInIndex = 0; path = Pods_WeChatTests.framework; sourceTree = BUILT_PRODUCTS_DIR; };
		8B1238E4210DEBE90048D25D /* SQLoginViewController.swift */ = {isa = PBXFileReference; lastKnownFileType = sourcecode.swift; path = SQLoginViewController.swift; sourceTree = "<group>"; };
		8B1238E5210DEBE90048D25D /* SQLoginViewController.xib */ = {isa = PBXFileReference; lastKnownFileType = file.xib; path = SQLoginViewController.xib; sourceTree = "<group>"; };
		8B1238EB210DF6470048D25D /* LoginAPI.swift */ = {isa = PBXFileReference; lastKnownFileType = sourcecode.swift; path = LoginAPI.swift; sourceTree = "<group>"; };
		8B1238EE210DFE9F0048D25D /* UserModel.swift */ = {isa = PBXFileReference; lastKnownFileType = sourcecode.swift; path = UserModel.swift; sourceTree = "<group>"; };
		8B1238F0210E0DE10048D25D /* Number+Extension.swift */ = {isa = PBXFileReference; lastKnownFileType = sourcecode.swift; path = "Number+Extension.swift"; sourceTree = "<group>"; };
		8B25E383BD640089DEF78B89 /* Pods_WeChatUITests.framework */ = {isa = PBXFileReference; explicitFileType = wrapper.framework; includeInIndex = 0; path = Pods_WeChatUITests.framework; sourceTree = BUILT_PRODUCTS_DIR; };
		8B3C2730210F577C0028953F /* UIViewController+Extension.swift */ = {isa = PBXFileReference; lastKnownFileType = sourcecode.swift; path = "UIViewController+Extension.swift"; sourceTree = "<group>"; };
		8B3C2732210F63460028953F /* Extension+TargetType.swift */ = {isa = PBXFileReference; lastKnownFileType = sourcecode.swift; path = "Extension+TargetType.swift"; sourceTree = "<group>"; };
		8B4818CA21171A8600C290D8 /* UINavigationController+Extension.swift */ = {isa = PBXFileReference; lastKnownFileType = sourcecode.swift; path = "UINavigationController+Extension.swift"; sourceTree = "<group>"; };
		8B5F5B361F700A2D007C07D0 /* SQMessageViewController.swift */ = {isa = PBXFileReference; lastKnownFileType = sourcecode.swift; path = SQMessageViewController.swift; sourceTree = "<group>"; };
		8B5F5B381F700A45007C07D0 /* SQFriendsViewController.swift */ = {isa = PBXFileReference; lastKnownFileType = sourcecode.swift; path = SQFriendsViewController.swift; sourceTree = "<group>"; };
		8B5F5B3A1F700A54007C07D0 /* SQDiscoverViewController.swift */ = {isa = PBXFileReference; lastKnownFileType = sourcecode.swift; path = SQDiscoverViewController.swift; sourceTree = "<group>"; };
		8B5F5B3C1F700A5E007C07D0 /* SQMineViewController.swift */ = {isa = PBXFileReference; lastKnownFileType = sourcecode.swift; path = SQMineViewController.swift; sourceTree = "<group>"; };
		8B5F5B3E1F700A8C007C07D0 /* SQNavigationViewController.swift */ = {isa = PBXFileReference; lastKnownFileType = sourcecode.swift; path = SQNavigationViewController.swift; sourceTree = "<group>"; };
		8B7417AC1F89187400A5D37E /* SQFriendsMomentsController.swift */ = {isa = PBXFileReference; lastKnownFileType = sourcecode.swift; path = SQFriendsMomentsController.swift; sourceTree = "<group>"; };
		8B7417AF1F891AFD00A5D37E /* SQSearchResultViewController.swift */ = {isa = PBXFileReference; lastKnownFileType = sourcecode.swift; path = SQSearchResultViewController.swift; sourceTree = "<group>"; };
		8B7417B11F891B2B00A5D37E /* Macros.swift */ = {isa = PBXFileReference; lastKnownFileType = sourcecode.swift; path = Macros.swift; sourceTree = "<group>"; };
		8B7417B31F89249D00A5D37E /* SQMessageCell.swift */ = {isa = PBXFileReference; lastKnownFileType = sourcecode.swift; path = SQMessageCell.swift; sourceTree = "<group>"; };
		8B8F39D7210CC10600E53CBC /* SQWebSocketService.swift */ = {isa = PBXFileReference; lastKnownFileType = sourcecode.swift; path = SQWebSocketService.swift; sourceTree = "<group>"; };
		8B8F39D9210CCB9100E53CBC /* String+Extension.swift */ = {isa = PBXFileReference; lastKnownFileType = sourcecode.swift; path = "String+Extension.swift"; sourceTree = "<group>"; };
		8B8F39DB210CCC7A00E53CBC /* swift-bridge.h */ = {isa = PBXFileReference; lastKnownFileType = sourcecode.c.h; path = "swift-bridge.h"; sourceTree = "<group>"; };
		8B8F39DC210CCE4500E53CBC /* Dictionary+Extension.swift */ = {isa = PBXFileReference; lastKnownFileType = sourcecode.swift; path = "Dictionary+Extension.swift"; sourceTree = "<group>"; };
		8B9ED8C420BABF06009CA600 /* NetworkManager.swift */ = {isa = PBXFileReference; lastKnownFileType = sourcecode.swift; path = NetworkManager.swift; sourceTree = "<group>"; };
		8BBBA65A1F79FCFA008E18A5 /* UIColor+Extension.swift */ = {isa = PBXFileReference; lastKnownFileType = sourcecode.swift; path = "UIColor+Extension.swift"; sourceTree = "<group>"; };
		8BBBA65C1F7A9014008E18A5 /* SQMineUserInfoCell.swift */ = {isa = PBXFileReference; lastKnownFileType = sourcecode.swift; path = SQMineUserInfoCell.swift; sourceTree = "<group>"; };
		8BBBA65D1F7A9014008E18A5 /* SQMineUserInfoCell.xib */ = {isa = PBXFileReference; lastKnownFileType = file.xib; path = SQMineUserInfoCell.xib; sourceTree = "<group>"; };
		8BC09DAE2113501400DC463D /* FriendMomentCell.swift */ = {isa = PBXFileReference; lastKnownFileType = sourcecode.swift; path = FriendMomentCell.swift; sourceTree = "<group>"; };
		8BC09DB0211359A200DC463D /* TimelineLayoutService.swift */ = {isa = PBXFileReference; lastKnownFileType = sourcecode.swift; path = TimelineLayoutService.swift; sourceTree = "<group>"; };
		8BDCD8DA1F65848300C53260 /* WeChat.app */ = {isa = PBXFileReference; explicitFileType = wrapper.application; includeInIndex = 0; path = WeChat.app; sourceTree = BUILT_PRODUCTS_DIR; };
		8BDCD8DD1F65848300C53260 /* AppDelegate.swift */ = {isa = PBXFileReference; lastKnownFileType = sourcecode.swift; path = AppDelegate.swift; sourceTree = "<group>"; tabWidth = 5; };
		8BDCD8E41F65848300C53260 /* Assets.xcassets */ = {isa = PBXFileReference; lastKnownFileType = folder.assetcatalog; path = Assets.xcassets; sourceTree = "<group>"; };
		8BDCD8E91F65848300C53260 /* Info.plist */ = {isa = PBXFileReference; lastKnownFileType = text.plist.xml; path = Info.plist; sourceTree = "<group>"; };
		8BDCD8EE1F65848300C53260 /* WeChatTests.xctest */ = {isa = PBXFileReference; explicitFileType = wrapper.cfbundle; includeInIndex = 0; path = WeChatTests.xctest; sourceTree = BUILT_PRODUCTS_DIR; };
		8BDCD8F21F65848300C53260 /* WeChatTests.swift */ = {isa = PBXFileReference; lastKnownFileType = sourcecode.swift; path = WeChatTests.swift; sourceTree = "<group>"; };
		8BDCD8F41F65848300C53260 /* Info.plist */ = {isa = PBXFileReference; lastKnownFileType = text.plist.xml; path = Info.plist; sourceTree = "<group>"; };
		8BDCD8F91F65848300C53260 /* WeChatUITests.xctest */ = {isa = PBXFileReference; explicitFileType = wrapper.cfbundle; includeInIndex = 0; path = WeChatUITests.xctest; sourceTree = BUILT_PRODUCTS_DIR; };
		8BDCD8FD1F65848300C53260 /* WeChatUITests.swift */ = {isa = PBXFileReference; lastKnownFileType = sourcecode.swift; path = WeChatUITests.swift; sourceTree = "<group>"; };
		8BDCD8FF1F65848300C53260 /* Info.plist */ = {isa = PBXFileReference; lastKnownFileType = text.plist.xml; path = Info.plist; sourceTree = "<group>"; };
		8BDCD9241F658C0A00C53260 /* SQRootViewController.swift */ = {isa = PBXFileReference; lastKnownFileType = sourcecode.swift; path = SQRootViewController.swift; sourceTree = "<group>"; };
		8BE1CD3120936AFA007E017D /* FriendService.swift */ = {isa = PBXFileReference; lastKnownFileType = sourcecode.swift; path = FriendService.swift; sourceTree = "<group>"; };
		8BF4F91020E28F1C00A6E693 /* TimelineService.swift */ = {isa = PBXFileReference; lastKnownFileType = sourcecode.swift; path = TimelineService.swift; sourceTree = "<group>"; };
		8BFA39B02115336C004DAA90 /* SystemPhotoService.swift */ = {isa = PBXFileReference; lastKnownFileType = sourcecode.swift; path = SystemPhotoService.swift; sourceTree = "<group>"; };
		8BFA39B52115542A004DAA90 /* TZPhotoPreviewCell.h */ = {isa = PBXFileReference; fileEncoding = 4; lastKnownFileType = sourcecode.c.h; path = TZPhotoPreviewCell.h; sourceTree = "<group>"; };
		8BFA39B62115542A004DAA90 /* TZPhotoPickerController.h */ = {isa = PBXFileReference; fileEncoding = 4; lastKnownFileType = sourcecode.c.h; path = TZPhotoPickerController.h; sourceTree = "<group>"; };
		8BFA39B72115542A004DAA90 /* TZImageCropManager.m */ = {isa = PBXFileReference; fileEncoding = 4; lastKnownFileType = sourcecode.c.objc; path = TZImageCropManager.m; sourceTree = "<group>"; };
		8BFA39B82115542A004DAA90 /* TZImageManager.h */ = {isa = PBXFileReference; fileEncoding = 4; lastKnownFileType = sourcecode.c.h; path = TZImageManager.h; sourceTree = "<group>"; };
		8BFA39B92115542A004DAA90 /* TZAssetCell.m */ = {isa = PBXFileReference; fileEncoding = 4; lastKnownFileType = sourcecode.c.objc; path = TZAssetCell.m; sourceTree = "<group>"; };
		8BFA39BA2115542A004DAA90 /* TZVideoPlayerController.m */ = {isa = PBXFileReference; fileEncoding = 4; lastKnownFileType = sourcecode.c.objc; path = TZVideoPlayerController.m; sourceTree = "<group>"; };
		8BFA39BB2115542A004DAA90 /* TZAssetModel.m */ = {isa = PBXFileReference; fileEncoding = 4; lastKnownFileType = sourcecode.c.objc; path = TZAssetModel.m; sourceTree = "<group>"; };
		8BFA39BC2115542A004DAA90 /* NSBundle+TZImagePicker.m */ = {isa = PBXFileReference; fileEncoding = 4; lastKnownFileType = sourcecode.c.objc; path = "NSBundle+TZImagePicker.m"; sourceTree = "<group>"; };
		8BFA39BD2115542A004DAA90 /* TZLocationManager.h */ = {isa = PBXFileReference; fileEncoding = 4; lastKnownFileType = sourcecode.c.h; path = TZLocationManager.h; sourceTree = "<group>"; };
		8BFA39BE2115542A004DAA90 /* TZImagePickerController.h */ = {isa = PBXFileReference; fileEncoding = 4; lastKnownFileType = sourcecode.c.h; path = TZImagePickerController.h; sourceTree = "<group>"; };
		8BFA39BF2115542A004DAA90 /* UIView+Layout.m */ = {isa = PBXFileReference; fileEncoding = 4; lastKnownFileType = sourcecode.c.objc; path = "UIView+Layout.m"; sourceTree = "<group>"; };
		8BFA39C02115542A004DAA90 /* TZPhotoPreviewController.m */ = {isa = PBXFileReference; fileEncoding = 4; lastKnownFileType = sourcecode.c.objc; path = TZPhotoPreviewController.m; sourceTree = "<group>"; };
		8BFA39C12115542A004DAA90 /* TZImagePickerController.bundle */ = {isa = PBXFileReference; lastKnownFileType = "wrapper.plug-in"; path = TZImagePickerController.bundle; sourceTree = "<group>"; };
		8BFA39C22115542A004DAA90 /* TZProgressView.m */ = {isa = PBXFileReference; fileEncoding = 4; lastKnownFileType = sourcecode.c.objc; path = TZProgressView.m; sourceTree = "<group>"; };
		8BFA39C32115542A004DAA90 /* TZGifPhotoPreviewController.h */ = {isa = PBXFileReference; fileEncoding = 4; lastKnownFileType = sourcecode.c.h; path = TZGifPhotoPreviewController.h; sourceTree = "<group>"; };
		8BFA39C42115542A004DAA90 /* TZAssetCell.h */ = {isa = PBXFileReference; fileEncoding = 4; lastKnownFileType = sourcecode.c.h; path = TZAssetCell.h; sourceTree = "<group>"; };
		8BFA39C52115542A004DAA90 /* TZImageManager.m */ = {isa = PBXFileReference; fileEncoding = 4; lastKnownFileType = sourcecode.c.objc; path = TZImageManager.m; sourceTree = "<group>"; };
		8BFA39C62115542A004DAA90 /* TZImageCropManager.h */ = {isa = PBXFileReference; fileEncoding = 4; lastKnownFileType = sourcecode.c.h; path = TZImageCropManager.h; sourceTree = "<group>"; };
		8BFA39C72115542A004DAA90 /* TZPhotoPickerController.m */ = {isa = PBXFileReference; fileEncoding = 4; lastKnownFileType = sourcecode.c.objc; path = TZPhotoPickerController.m; sourceTree = "<group>"; };
		8BFA39C82115542A004DAA90 /* TZPhotoPreviewCell.m */ = {isa = PBXFileReference; fileEncoding = 4; lastKnownFileType = sourcecode.c.objc; path = TZPhotoPreviewCell.m; sourceTree = "<group>"; };
		8BFA39C92115542A004DAA90 /* NSBundle+TZImagePicker.h */ = {isa = PBXFileReference; fileEncoding = 4; lastKnownFileType = sourcecode.c.h; path = "NSBundle+TZImagePicker.h"; sourceTree = "<group>"; };
		8BFA39CA2115542A004DAA90 /* TZAssetModel.h */ = {isa = PBXFileReference; fileEncoding = 4; lastKnownFileType = sourcecode.c.h; path = TZAssetModel.h; sourceTree = "<group>"; };
		8BFA39CB2115542A004DAA90 /* TZVideoPlayerController.h */ = {isa = PBXFileReference; fileEncoding = 4; lastKnownFileType = sourcecode.c.h; path = TZVideoPlayerController.h; sourceTree = "<group>"; };
		8BFA39CC2115542A004DAA90 /* TZPhotoPreviewController.h */ = {isa = PBXFileReference; fileEncoding = 4; lastKnownFileType = sourcecode.c.h; path = TZPhotoPreviewController.h; sourceTree = "<group>"; };
		8BFA39CD2115542A004DAA90 /* UIView+Layout.h */ = {isa = PBXFileReference; fileEncoding = 4; lastKnownFileType = sourcecode.c.h; path = "UIView+Layout.h"; sourceTree = "<group>"; };
		8BFA39CE2115542A004DAA90 /* TZImagePickerController.m */ = {isa = PBXFileReference; fileEncoding = 4; lastKnownFileType = sourcecode.c.objc; path = TZImagePickerController.m; sourceTree = "<group>"; };
		8BFA39CF2115542A004DAA90 /* TZLocationManager.m */ = {isa = PBXFileReference; fileEncoding = 4; lastKnownFileType = sourcecode.c.objc; path = TZLocationManager.m; sourceTree = "<group>"; };
		8BFA39D02115542A004DAA90 /* TZGifPhotoPreviewController.m */ = {isa = PBXFileReference; fileEncoding = 4; lastKnownFileType = sourcecode.c.objc; path = TZGifPhotoPreviewController.m; sourceTree = "<group>"; };
		8BFA39D12115542A004DAA90 /* TZProgressView.h */ = {isa = PBXFileReference; fileEncoding = 4; lastKnownFileType = sourcecode.c.h; path = TZProgressView.h; sourceTree = "<group>"; };
		8BFA39E121155914004DAA90 /* UploadService.swift */ = {isa = PBXFileReference; lastKnownFileType = sourcecode.swift; path = UploadService.swift; sourceTree = "<group>"; };
		980D8F0135CA73C5C0FE7FE8 /* Pods-WeChatTests.debug.xcconfig */ = {isa = PBXFileReference; includeInIndex = 1; lastKnownFileType = text.xcconfig; name = "Pods-WeChatTests.debug.xcconfig"; path = "Pods/Target Support Files/Pods-WeChatTests/Pods-WeChatTests.debug.xcconfig"; sourceTree = "<group>"; };
		AEE4468C1F57F72399EAC9D4 /* Pods-WeChat.release.xcconfig */ = {isa = PBXFileReference; includeInIndex = 1; lastKnownFileType = text.xcconfig; name = "Pods-WeChat.release.xcconfig"; path = "Pods/Target Support Files/Pods-WeChat/Pods-WeChat.release.xcconfig"; sourceTree = "<group>"; };
		D75F30ECC681264864A4A7BA /* Pods-WeChatUITests.release.xcconfig */ = {isa = PBXFileReference; includeInIndex = 1; lastKnownFileType = text.xcconfig; name = "Pods-WeChatUITests.release.xcconfig"; path = "Pods/Target Support Files/Pods-WeChatUITests/Pods-WeChatUITests.release.xcconfig"; sourceTree = "<group>"; };
/* End PBXFileReference section */

/* Begin PBXFrameworksBuildPhase section */
		8BDCD8D71F65848300C53260 /* Frameworks */ = {
			isa = PBXFrameworksBuildPhase;
			buildActionMask = 2147483647;
			files = (
				51D0CE0A38F05908826F95B9 /* Pods_WeChat.framework in Frameworks */,
			);
			runOnlyForDeploymentPostprocessing = 0;
		};
		8BDCD8EB1F65848300C53260 /* Frameworks */ = {
			isa = PBXFrameworksBuildPhase;
			buildActionMask = 2147483647;
			files = (
				0D67BB0BCADAC71027EF78F5 /* Pods_WeChatTests.framework in Frameworks */,
			);
			runOnlyForDeploymentPostprocessing = 0;
		};
		8BDCD8F61F65848300C53260 /* Frameworks */ = {
			isa = PBXFrameworksBuildPhase;
			buildActionMask = 2147483647;
			files = (
				24EE167E4AA16A2BD4F30D3A /* Pods_WeChatUITests.framework in Frameworks */,
			);
			runOnlyForDeploymentPostprocessing = 0;
		};
/* End PBXFrameworksBuildPhase section */

/* Begin PBXGroup section */
		0A65638A2112E4EB00B3DB24 /* Models */ = {
			isa = PBXGroup;
			children = (
				0A65638B2112E4FC00B3DB24 /* FriendModel.swift */,
			);
			path = Models;
			sourceTree = "<group>";
		};
		0A65638E2112EA0300B3DB24 /* Util */ = {
			isa = PBXGroup;
			children = (
				0A65638F2112EA2C00B3DB24 /* Mappable.swift */,
				8BFA39B02115336C004DAA90 /* SystemPhotoService.swift */,
			);
			path = Util;
			sourceTree = "<group>";
		};
		0A6563912112FA4E00B3DB24 /* Views */ = {
			isa = PBXGroup;
			children = (
				0A6563972112FAA100B3DB24 /* FriendCell.swift */,
				0A6563982112FAA100B3DB24 /* FriendCell.xib */,
			);
			path = Views;
			sourceTree = "<group>";
		};
		0A65639B21130A0B00B3DB24 /* Models */ = {
			isa = PBXGroup;
			children = (
				0A65639C21130A4900B3DB24 /* MomentModel.swift */,
			);
			path = Models;
			sourceTree = "<group>";
		};
		54B7CC7E600BBE1C92EAA074 /* Pods */ = {
			isa = PBXGroup;
			children = (
				6B7B610F63FF91C8394C4FDC /* Pods-WeChat.debug.xcconfig */,
				AEE4468C1F57F72399EAC9D4 /* Pods-WeChat.release.xcconfig */,
				980D8F0135CA73C5C0FE7FE8 /* Pods-WeChatTests.debug.xcconfig */,
				314EE026DBE1BC6C19D1E965 /* Pods-WeChatTests.release.xcconfig */,
				50D505C4DC05ED1E5F736CED /* Pods-WeChatUITests.debug.xcconfig */,
				D75F30ECC681264864A4A7BA /* Pods-WeChatUITests.release.xcconfig */,
			);
			name = Pods;
			sourceTree = "<group>";
		};
		798518552451525DAD2961C7 /* Frameworks */ = {
			isa = PBXGroup;
			children = (
				4519258E74664E5BDD03B12C /* Pods_WeChat.framework */,
				8B0542E27FB541926BA8969A /* Pods_WeChatTests.framework */,
				8B25E383BD640089DEF78B89 /* Pods_WeChatUITests.framework */,
			);
			name = Frameworks;
			sourceTree = "<group>";
		};
		8B1238E8210DF5A90048D25D /* Services */ = {
			isa = PBXGroup;
			children = (
				8B1238EB210DF6470048D25D /* LoginAPI.swift */,
			);
			path = Services;
			sourceTree = "<group>";
		};
		8B1238ED210DFE770048D25D /* Models */ = {
			isa = PBXGroup;
			children = (
				8B1238EE210DFE9F0048D25D /* UserModel.swift */,
			);
			path = Models;
			sourceTree = "<group>";
		};
		8B8F39D6210CC0E700E53CBC /* IM */ = {
			isa = PBXGroup;
			children = (
				8B8F39D7210CC10600E53CBC /* SQWebSocketService.swift */,
			);
			path = IM;
			sourceTree = "<group>";
		};
		8BBBA6571F79FCAE008E18A5 /* Category */ = {
			isa = PBXGroup;
			children = (
				8BBBA65A1F79FCFA008E18A5 /* UIColor+Extension.swift */,
				8B8F39D9210CCB9100E53CBC /* String+Extension.swift */,
				8B8F39DC210CCE4500E53CBC /* Dictionary+Extension.swift */,
				8B1238F0210E0DE10048D25D /* Number+Extension.swift */,
				8B3C2730210F577C0028953F /* UIViewController+Extension.swift */,
				8B3C2732210F63460028953F /* Extension+TargetType.swift */,
				0AA8FD0B21140A0F0039C630 /* UIView+Extension.swift */,
				8B4818CA21171A8600C290D8 /* UINavigationController+Extension.swift */,
			);
			path = Category;
			sourceTree = "<group>";
		};
		8BD4AEF51F7F9F3600A86758 /* Login */ = {
			isa = PBXGroup;
			children = (
				8B1238E8210DF5A90048D25D /* Services */,
				8B1238E4210DEBE90048D25D /* SQLoginViewController.swift */,
				8B1238E5210DEBE90048D25D /* SQLoginViewController.xib */,
			);
			path = Login;
			sourceTree = "<group>";
		};
		8BDCD8D11F65848300C53260 = {
			isa = PBXGroup;
			children = (
				8BDCD8DC1F65848300C53260 /* WeChat */,
				8BDCD8F11F65848300C53260 /* WeChatTests */,
				8BDCD8FC1F65848300C53260 /* WeChatUITests */,
				8BDCD8DB1F65848300C53260 /* Products */,
				54B7CC7E600BBE1C92EAA074 /* Pods */,
				798518552451525DAD2961C7 /* Frameworks */,
			);
			sourceTree = "<group>";
		};
		8BDCD8DB1F65848300C53260 /* Products */ = {
			isa = PBXGroup;
			children = (
				8BDCD8DA1F65848300C53260 /* WeChat.app */,
				8BDCD8EE1F65848300C53260 /* WeChatTests.xctest */,
				8BDCD8F91F65848300C53260 /* WeChatUITests.xctest */,
			);
			name = Products;
			sourceTree = "<group>";
		};
		8BDCD8DC1F65848300C53260 /* WeChat */ = {
			isa = PBXGroup;
			children = (
				8BFA39B321155416004DAA90 /* Vendor */,
				8B8F39D6210CC0E700E53CBC /* IM */,
				8BD4AEF51F7F9F3600A86758 /* Login */,
				8BBBA6571F79FCAE008E18A5 /* Category */,
				8BDCD9231F65888B00C53260 /* Root */,
				8BDCD90D1F65884900C53260 /* Main */,
				8BDCD91F1F65884900C53260 /* NavigationController */,
				8BDCD91E1F65884900C53260 /* NetworkManager */,
				8BDCD9221F65887200C53260 /* Common */,
				0A65638E2112EA0300B3DB24 /* Util */,
				8BDCD9211F65887200C53260 /* AppDelegate */,
				8BDCD8E41F65848300C53260 /* Assets.xcassets */,
				8BDCD8E91F65848300C53260 /* Info.plist */,
			);
			path = WeChat;
			sourceTree = "<group>";
		};
		8BDCD8F11F65848300C53260 /* WeChatTests */ = {
			isa = PBXGroup;
			children = (
				8BDCD8F21F65848300C53260 /* WeChatTests.swift */,
				8BDCD8F41F65848300C53260 /* Info.plist */,
			);
			path = WeChatTests;
			sourceTree = "<group>";
		};
		8BDCD8FC1F65848300C53260 /* WeChatUITests */ = {
			isa = PBXGroup;
			children = (
				8BDCD8FD1F65848300C53260 /* WeChatUITests.swift */,
				8BDCD8FF1F65848300C53260 /* Info.plist */,
			);
			path = WeChatUITests;
			sourceTree = "<group>";
		};
		8BDCD90D1F65884900C53260 /* Main */ = {
			isa = PBXGroup;
			children = (
				8BDCD90E1F65884900C53260 /* Discover */,
				8BDCD9121F65884900C53260 /* Friends */,
				8BDCD9161F65884900C53260 /* Message */,
				8BDCD91A1F65884900C53260 /* Mine */,
			);
			path = Main;
			sourceTree = "<group>";
		};
		8BDCD90E1F65884900C53260 /* Discover */ = {
			isa = PBXGroup;
			children = (
				8BF4F90F20E28EFD00A6E693 /* Services */,
				0A65639B21130A0B00B3DB24 /* Models */,
				8BDCD9101F65884900C53260 /* ViewControllers */,
				8BDCD9111F65884900C53260 /* Views */,
			);
			path = Discover;
			sourceTree = "<group>";
		};
		8BDCD9101F65884900C53260 /* ViewControllers */ = {
			isa = PBXGroup;
			children = (
				8B5F5B3A1F700A54007C07D0 /* SQDiscoverViewController.swift */,
				8B7417AC1F89187400A5D37E /* SQFriendsMomentsController.swift */,
			);
			path = ViewControllers;
			sourceTree = "<group>";
		};
		8BDCD9111F65884900C53260 /* Views */ = {
			isa = PBXGroup;
			children = (
				8BC09DAE2113501400DC463D /* FriendMomentCell.swift */,
			);
			path = Views;
			sourceTree = "<group>";
		};
		8BDCD9121F65884900C53260 /* Friends */ = {
			isa = PBXGroup;
			children = (
				8BE1CD3320936AFF007E017D /* Services */,
				0A65638A2112E4EB00B3DB24 /* Models */,
				0A6563912112FA4E00B3DB24 /* Views */,
				8BDCD9141F65884900C53260 /* ViewControllers */,
			);
			path = Friends;
			sourceTree = "<group>";
		};
		8BDCD9141F65884900C53260 /* ViewControllers */ = {
			isa = PBXGroup;
			children = (
				8B5F5B381F700A45007C07D0 /* SQFriendsViewController.swift */,
				8B7417AF1F891AFD00A5D37E /* SQSearchResultViewController.swift */,
			);
			path = ViewControllers;
			sourceTree = "<group>";
		};
		8BDCD9161F65884900C53260 /* Message */ = {
			isa = PBXGroup;
			children = (
				8BDCD9171F65884900C53260 /* Models */,
				8BDCD9181F65884900C53260 /* ViewControllers */,
				8BDCD9191F65884900C53260 /* Views */,
			);
			path = Message;
			sourceTree = "<group>";
		};
		8BDCD9171F65884900C53260 /* Models */ = {
			isa = PBXGroup;
			children = (
			);
			path = Models;
			sourceTree = "<group>";
		};
		8BDCD9181F65884900C53260 /* ViewControllers */ = {
			isa = PBXGroup;
			children = (
				8B5F5B361F700A2D007C07D0 /* SQMessageViewController.swift */,
			);
			path = ViewControllers;
			sourceTree = "<group>";
		};
		8BDCD9191F65884900C53260 /* Views */ = {
			isa = PBXGroup;
			children = (
				8B7417B31F89249D00A5D37E /* SQMessageCell.swift */,
			);
			path = Views;
			sourceTree = "<group>";
		};
		8BDCD91A1F65884900C53260 /* Mine */ = {
			isa = PBXGroup;
			children = (
				8BDCD91B1F65884900C53260 /* Models */,
				8BDCD91C1F65884900C53260 /* ViewControllers */,
				8BDCD91D1F65884900C53260 /* Views */,
			);
			path = Mine;
			sourceTree = "<group>";
		};
		8BDCD91B1F65884900C53260 /* Models */ = {
			isa = PBXGroup;
			children = (
			);
			path = Models;
			sourceTree = "<group>";
		};
		8BDCD91C1F65884900C53260 /* ViewControllers */ = {
			isa = PBXGroup;
			children = (
				8B5F5B3C1F700A5E007C07D0 /* SQMineViewController.swift */,
			);
			path = ViewControllers;
			sourceTree = "<group>";
		};
		8BDCD91D1F65884900C53260 /* Views */ = {
			isa = PBXGroup;
			children = (
				8BBBA65C1F7A9014008E18A5 /* SQMineUserInfoCell.swift */,
				8BBBA65D1F7A9014008E18A5 /* SQMineUserInfoCell.xib */,
			);
			path = Views;
			sourceTree = "<group>";
		};
		8BDCD91E1F65884900C53260 /* NetworkManager */ = {
			isa = PBXGroup;
			children = (
				8B9ED8C420BABF06009CA600 /* NetworkManager.swift */,
			);
			path = NetworkManager;
			sourceTree = "<group>";
		};
		8BDCD91F1F65884900C53260 /* NavigationController */ = {
			isa = PBXGroup;
			children = (
				8B5F5B3E1F700A8C007C07D0 /* SQNavigationViewController.swift */,
			);
			path = NavigationController;
			sourceTree = "<group>";
		};
		8BDCD9211F65887200C53260 /* AppDelegate */ = {
			isa = PBXGroup;
			children = (
				8BDCD8DD1F65848300C53260 /* AppDelegate.swift */,
				8B7417B11F891B2B00A5D37E /* Macros.swift */,
				8B8F39DB210CCC7A00E53CBC /* swift-bridge.h */,
			);
			path = AppDelegate;
			sourceTree = "<group>";
		};
		8BDCD9221F65887200C53260 /* Common */ = {
			isa = PBXGroup;
			children = (
				8B1238ED210DFE770048D25D /* Models */,
				8BFA39E121155914004DAA90 /* UploadService.swift */,
			);
			path = Common;
			sourceTree = "<group>";
		};
		8BDCD9231F65888B00C53260 /* Root */ = {
			isa = PBXGroup;
			children = (
				8BDCD9241F658C0A00C53260 /* SQRootViewController.swift */,
			);
			path = Root;
			sourceTree = "<group>";
		};
		8BE1CD3320936AFF007E017D /* Services */ = {
			isa = PBXGroup;
			children = (
				8BE1CD3120936AFA007E017D /* FriendService.swift */,
			);
			path = Services;
			sourceTree = "<group>";
		};
		8BF4F90F20E28EFD00A6E693 /* Services */ = {
			isa = PBXGroup;
			children = (
				8BF4F91020E28F1C00A6E693 /* TimelineService.swift */,
				8BC09DB0211359A200DC463D /* TimelineLayoutService.swift */,
			);
			path = Services;
			sourceTree = "<group>";
		};
		8BFA39B321155416004DAA90 /* Vendor */ = {
			isa = PBXGroup;
			children = (
				8BFA39B42115542A004DAA90 /* TZImagePickerController */,
			);
			path = Vendor;
			sourceTree = "<group>";
		};
		8BFA39B42115542A004DAA90 /* TZImagePickerController */ = {
			isa = PBXGroup;
			children = (
				8BFA39B52115542A004DAA90 /* TZPhotoPreviewCell.h */,
				8BFA39C82115542A004DAA90 /* TZPhotoPreviewCell.m */,
				8BFA39B62115542A004DAA90 /* TZPhotoPickerController.h */,
				8BFA39C72115542A004DAA90 /* TZPhotoPickerController.m */,
				8BFA39C62115542A004DAA90 /* TZImageCropManager.h */,
				8BFA39B72115542A004DAA90 /* TZImageCropManager.m */,
				8BFA39B82115542A004DAA90 /* TZImageManager.h */,
				8BFA39C52115542A004DAA90 /* TZImageManager.m */,
				8BFA39C42115542A004DAA90 /* TZAssetCell.h */,
				8BFA39B92115542A004DAA90 /* TZAssetCell.m */,
				8BFA39BB2115542A004DAA90 /* TZAssetModel.m */,
				8BFA39BD2115542A004DAA90 /* TZLocationManager.h */,
				8BFA39CF2115542A004DAA90 /* TZLocationManager.m */,
				8BFA39BE2115542A004DAA90 /* TZImagePickerController.h */,
				8BFA39CE2115542A004DAA90 /* TZImagePickerController.m */,
				8BFA39CD2115542A004DAA90 /* UIView+Layout.h */,
				8BFA39BF2115542A004DAA90 /* UIView+Layout.m */,
				8BFA39CC2115542A004DAA90 /* TZPhotoPreviewController.h */,
				8BFA39C02115542A004DAA90 /* TZPhotoPreviewController.m */,
				8BFA39C12115542A004DAA90 /* TZImagePickerController.bundle */,
				8BFA39C92115542A004DAA90 /* NSBundle+TZImagePicker.h */,
				8BFA39BC2115542A004DAA90 /* NSBundle+TZImagePicker.m */,
				8BFA39CA2115542A004DAA90 /* TZAssetModel.h */,
				8BFA39CB2115542A004DAA90 /* TZVideoPlayerController.h */,
				8BFA39BA2115542A004DAA90 /* TZVideoPlayerController.m */,
				8BFA39D02115542A004DAA90 /* TZGifPhotoPreviewController.m */,
				8BFA39C32115542A004DAA90 /* TZGifPhotoPreviewController.h */,
				8BFA39D12115542A004DAA90 /* TZProgressView.h */,
				8BFA39C22115542A004DAA90 /* TZProgressView.m */,
			);
			path = TZImagePickerController;
			sourceTree = "<group>";
		};
/* End PBXGroup section */

/* Begin PBXNativeTarget section */
		8BDCD8D91F65848300C53260 /* WeChat */ = {
			isa = PBXNativeTarget;
			buildConfigurationList = 8BDCD9021F65848300C53260 /* Build configuration list for PBXNativeTarget "WeChat" */;
			buildPhases = (
				BF4CBB31659AEF40C26E0AFA /* [CP] Check Pods Manifest.lock */,
				8BDCD8D61F65848300C53260 /* Sources */,
				8BDCD8D71F65848300C53260 /* Frameworks */,
				8BDCD8D81F65848300C53260 /* Resources */,
				514A2E8C77F4C7CF85D3B268 /* [CP] Embed Pods Frameworks */,
			);
			buildRules = (
			);
			dependencies = (
			);
			name = WeChat;
			productName = WeChat;
			productReference = 8BDCD8DA1F65848300C53260 /* WeChat.app */;
			productType = "com.apple.product-type.application";
		};
		8BDCD8ED1F65848300C53260 /* WeChatTests */ = {
			isa = PBXNativeTarget;
			buildConfigurationList = 8BDCD9051F65848300C53260 /* Build configuration list for PBXNativeTarget "WeChatTests" */;
			buildPhases = (
				2A9199E2F68F557F277FFF01 /* [CP] Check Pods Manifest.lock */,
				8BDCD8EA1F65848300C53260 /* Sources */,
				8BDCD8EB1F65848300C53260 /* Frameworks */,
				8BDCD8EC1F65848300C53260 /* Resources */,
			);
			buildRules = (
			);
			dependencies = (
				8BDCD8F01F65848300C53260 /* PBXTargetDependency */,
			);
			name = WeChatTests;
			productName = WeChatTests;
			productReference = 8BDCD8EE1F65848300C53260 /* WeChatTests.xctest */;
			productType = "com.apple.product-type.bundle.unit-test";
		};
		8BDCD8F81F65848300C53260 /* WeChatUITests */ = {
			isa = PBXNativeTarget;
			buildConfigurationList = 8BDCD9081F65848300C53260 /* Build configuration list for PBXNativeTarget "WeChatUITests" */;
			buildPhases = (
				539B3C5807F4608D433A492D /* [CP] Check Pods Manifest.lock */,
				8BDCD8F51F65848300C53260 /* Sources */,
				8BDCD8F61F65848300C53260 /* Frameworks */,
				8BDCD8F71F65848300C53260 /* Resources */,
			);
			buildRules = (
			);
			dependencies = (
				8BDCD8FB1F65848300C53260 /* PBXTargetDependency */,
			);
			name = WeChatUITests;
			productName = WeChatUITests;
			productReference = 8BDCD8F91F65848300C53260 /* WeChatUITests.xctest */;
			productType = "com.apple.product-type.bundle.ui-testing";
		};
/* End PBXNativeTarget section */

/* Begin PBXProject section */
		8BDCD8D21F65848300C53260 /* Project object */ = {
			isa = PBXProject;
			attributes = {
				CLASSPREFIX = SQ;
				LastSwiftUpdateCheck = 0900;
				LastUpgradeCheck = 1000;
				ORGANIZATIONNAME = ysq;
				TargetAttributes = {
					8BDCD8D91F65848300C53260 = {
						CreatedOnToolsVersion = 9.0;
						ProvisioningStyle = Automatic;
					};
					8BDCD8ED1F65848300C53260 = {
						CreatedOnToolsVersion = 9.0;
						ProvisioningStyle = Automatic;
						TestTargetID = 8BDCD8D91F65848300C53260;
					};
					8BDCD8F81F65848300C53260 = {
						CreatedOnToolsVersion = 9.0;
						ProvisioningStyle = Automatic;
						TestTargetID = 8BDCD8D91F65848300C53260;
					};
				};
			};
			buildConfigurationList = 8BDCD8D51F65848300C53260 /* Build configuration list for PBXProject "WeChat" */;
			compatibilityVersion = "Xcode 8.0";
			developmentRegion = en;
			hasScannedForEncodings = 0;
			knownRegions = (
				en,
				Base,
			);
			mainGroup = 8BDCD8D11F65848300C53260;
			productRefGroup = 8BDCD8DB1F65848300C53260 /* Products */;
			projectDirPath = "";
			projectRoot = "";
			targets = (
				8BDCD8D91F65848300C53260 /* WeChat */,
				8BDCD8ED1F65848300C53260 /* WeChatTests */,
				8BDCD8F81F65848300C53260 /* WeChatUITests */,
			);
		};
/* End PBXProject section */

/* Begin PBXResourcesBuildPhase section */
		8BDCD8D81F65848300C53260 /* Resources */ = {
			isa = PBXResourcesBuildPhase;
			buildActionMask = 2147483647;
			files = (
				8BDCD8E51F65848300C53260 /* Assets.xcassets in Resources */,
				8B1238E7210DEBE90048D25D /* SQLoginViewController.xib in Resources */,
				8BFA39D92115542A004DAA90 /* TZImagePickerController.bundle in Resources */,
				8BBBA65F1F7A9014008E18A5 /* SQMineUserInfoCell.xib in Resources */,
				0A65639A2112FAA100B3DB24 /* FriendCell.xib in Resources */,
			);
			runOnlyForDeploymentPostprocessing = 0;
		};
		8BDCD8EC1F65848300C53260 /* Resources */ = {
			isa = PBXResourcesBuildPhase;
			buildActionMask = 2147483647;
			files = (
			);
			runOnlyForDeploymentPostprocessing = 0;
		};
		8BDCD8F71F65848300C53260 /* Resources */ = {
			isa = PBXResourcesBuildPhase;
			buildActionMask = 2147483647;
			files = (
			);
			runOnlyForDeploymentPostprocessing = 0;
		};
/* End PBXResourcesBuildPhase section */

/* Begin PBXShellScriptBuildPhase section */
		2A9199E2F68F557F277FFF01 /* [CP] Check Pods Manifest.lock */ = {
			isa = PBXShellScriptBuildPhase;
			buildActionMask = 2147483647;
			files = (
			);
			inputPaths = (
				"${PODS_PODFILE_DIR_PATH}/Podfile.lock",
				"${PODS_ROOT}/Manifest.lock",
			);
			name = "[CP] Check Pods Manifest.lock";
			outputPaths = (
				"$(DERIVED_FILE_DIR)/Pods-WeChatTests-checkManifestLockResult.txt",
			);
			runOnlyForDeploymentPostprocessing = 0;
			shellPath = /bin/sh;
			shellScript = "diff \"${PODS_PODFILE_DIR_PATH}/Podfile.lock\" \"${PODS_ROOT}/Manifest.lock\" > /dev/null\nif [ $? != 0 ] ; then\n    # print error to STDERR\n    echo \"error: The sandbox is not in sync with the Podfile.lock. Run 'pod install' or update your CocoaPods installation.\" >&2\n    exit 1\nfi\n# This output is used by Xcode 'outputs' to avoid re-running this script phase.\necho \"SUCCESS\" > \"${SCRIPT_OUTPUT_FILE_0}\"\n";
			showEnvVarsInLog = 0;
		};
		514A2E8C77F4C7CF85D3B268 /* [CP] Embed Pods Frameworks */ = {
			isa = PBXShellScriptBuildPhase;
			buildActionMask = 2147483647;
			files = (
			);
			inputPaths = (
				"${SRCROOT}/Pods/Target Support Files/Pods-WeChat/Pods-WeChat-frameworks.sh",
				"${BUILT_PRODUCTS_DIR}/Alamofire/Alamofire.framework",
				"${BUILT_PRODUCTS_DIR}/ImagePicker/ImagePicker.framework",
				"${BUILT_PRODUCTS_DIR}/Kingfisher/Kingfisher.framework",
				"${BUILT_PRODUCTS_DIR}/MBProgressHUD/MBProgressHUD.framework",
				"${BUILT_PRODUCTS_DIR}/Moya/Moya.framework",
				"${BUILT_PRODUCTS_DIR}/Result/Result.framework",
				"${BUILT_PRODUCTS_DIR}/Starscream/Starscream.framework",
				"${BUILT_PRODUCTS_DIR}/YYText/YYText.framework",
			);
			name = "[CP] Embed Pods Frameworks";
			outputPaths = (
				"${TARGET_BUILD_DIR}/${FRAMEWORKS_FOLDER_PATH}/Alamofire.framework",
				"${TARGET_BUILD_DIR}/${FRAMEWORKS_FOLDER_PATH}/ImagePicker.framework",
				"${TARGET_BUILD_DIR}/${FRAMEWORKS_FOLDER_PATH}/Kingfisher.framework",
				"${TARGET_BUILD_DIR}/${FRAMEWORKS_FOLDER_PATH}/MBProgressHUD.framework",
				"${TARGET_BUILD_DIR}/${FRAMEWORKS_FOLDER_PATH}/Moya.framework",
				"${TARGET_BUILD_DIR}/${FRAMEWORKS_FOLDER_PATH}/Result.framework",
				"${TARGET_BUILD_DIR}/${FRAMEWORKS_FOLDER_PATH}/Starscream.framework",
				"${TARGET_BUILD_DIR}/${FRAMEWORKS_FOLDER_PATH}/YYText.framework",
			);
			runOnlyForDeploymentPostprocessing = 0;
			shellPath = /bin/sh;
			shellScript = "\"${SRCROOT}/Pods/Target Support Files/Pods-WeChat/Pods-WeChat-frameworks.sh\"\n";
			showEnvVarsInLog = 0;
		};
		539B3C5807F4608D433A492D /* [CP] Check Pods Manifest.lock */ = {
			isa = PBXShellScriptBuildPhase;
			buildActionMask = 2147483647;
			files = (
			);
			inputPaths = (
				"${PODS_PODFILE_DIR_PATH}/Podfile.lock",
				"${PODS_ROOT}/Manifest.lock",
			);
			name = "[CP] Check Pods Manifest.lock";
			outputPaths = (
				"$(DERIVED_FILE_DIR)/Pods-WeChatUITests-checkManifestLockResult.txt",
			);
			runOnlyForDeploymentPostprocessing = 0;
			shellPath = /bin/sh;
			shellScript = "diff \"${PODS_PODFILE_DIR_PATH}/Podfile.lock\" \"${PODS_ROOT}/Manifest.lock\" > /dev/null\nif [ $? != 0 ] ; then\n    # print error to STDERR\n    echo \"error: The sandbox is not in sync with the Podfile.lock. Run 'pod install' or update your CocoaPods installation.\" >&2\n    exit 1\nfi\n# This output is used by Xcode 'outputs' to avoid re-running this script phase.\necho \"SUCCESS\" > \"${SCRIPT_OUTPUT_FILE_0}\"\n";
			showEnvVarsInLog = 0;
		};
		BF4CBB31659AEF40C26E0AFA /* [CP] Check Pods Manifest.lock */ = {
			isa = PBXShellScriptBuildPhase;
			buildActionMask = 2147483647;
			files = (
			);
			inputPaths = (
				"${PODS_PODFILE_DIR_PATH}/Podfile.lock",
				"${PODS_ROOT}/Manifest.lock",
			);
			name = "[CP] Check Pods Manifest.lock";
			outputPaths = (
				"$(DERIVED_FILE_DIR)/Pods-WeChat-checkManifestLockResult.txt",
			);
			runOnlyForDeploymentPostprocessing = 0;
			shellPath = /bin/sh;
			shellScript = "diff \"${PODS_PODFILE_DIR_PATH}/Podfile.lock\" \"${PODS_ROOT}/Manifest.lock\" > /dev/null\nif [ $? != 0 ] ; then\n    # print error to STDERR\n    echo \"error: The sandbox is not in sync with the Podfile.lock. Run 'pod install' or update your CocoaPods installation.\" >&2\n    exit 1\nfi\n# This output is used by Xcode 'outputs' to avoid re-running this script phase.\necho \"SUCCESS\" > \"${SCRIPT_OUTPUT_FILE_0}\"\n";
			showEnvVarsInLog = 0;
		};
/* End PBXShellScriptBuildPhase section */

/* Begin PBXSourcesBuildPhase section */
		8BDCD8D61F65848300C53260 /* Sources */ = {
			isa = PBXSourcesBuildPhase;
			buildActionMask = 2147483647;
			files = (
				8B3C2731210F577C0028953F /* UIViewController+Extension.swift in Sources */,
				8BFA39DB2115542A004DAA90 /* TZImageManager.m in Sources */,
				8BFA39D32115542A004DAA90 /* TZAssetCell.m in Sources */,
				8B3C2733210F63460028953F /* Extension+TargetType.swift in Sources */,
				8BFA39D82115542A004DAA90 /* TZPhotoPreviewController.m in Sources */,
				8B8F39DD210CCE4500E53CBC /* Dictionary+Extension.swift in Sources */,
				8B7417AD1F89187400A5D37E /* SQFriendsMomentsController.swift in Sources */,
				8BFA39E02115542A004DAA90 /* TZGifPhotoPreviewController.m in Sources */,
				8BFA39D72115542A004DAA90 /* UIView+Layout.m in Sources */,
				8B7417B21F891B2B00A5D37E /* Macros.swift in Sources */,
				8BFA39D62115542A004DAA90 /* NSBundle+TZImagePicker.m in Sources */,
				8BFA39DA2115542A004DAA90 /* TZProgressView.m in Sources */,
				8B5F5B3F1F700A8C007C07D0 /* SQNavigationViewController.swift in Sources */,
				8B8F39D8210CC10600E53CBC /* SQWebSocketService.swift in Sources */,
				8BFA39DD2115542A004DAA90 /* TZPhotoPreviewCell.m in Sources */,
				0A6563992112FAA100B3DB24 /* FriendCell.swift in Sources */,
				0A6563902112EA2C00B3DB24 /* Mappable.swift in Sources */,
				0A65638C2112E4FC00B3DB24 /* FriendModel.swift in Sources */,
				8B4818CB21171A8600C290D8 /* UINavigationController+Extension.swift in Sources */,
				8B5F5B371F700A2D007C07D0 /* SQMessageViewController.swift in Sources */,
				8B1238E6210DEBE90048D25D /* SQLoginViewController.swift in Sources */,
				8BFA39E221155914004DAA90 /* UploadService.swift in Sources */,
				8B5F5B3D1F700A5E007C07D0 /* SQMineViewController.swift in Sources */,
				0A65639D21130A4900B3DB24 /* MomentModel.swift in Sources */,
				8BBBA65E1F7A9014008E18A5 /* SQMineUserInfoCell.swift in Sources */,
				8B1238F1210E0DE10048D25D /* Number+Extension.swift in Sources */,
				8B5F5B3B1F700A54007C07D0 /* SQDiscoverViewController.swift in Sources */,
				8BC09DAF2113501400DC463D /* FriendMomentCell.swift in Sources */,
				8BFA39D52115542A004DAA90 /* TZAssetModel.m in Sources */,
				0AA8FD0C21140A0F0039C630 /* UIView+Extension.swift in Sources */,
				8B1238EF210DFE9F0048D25D /* UserModel.swift in Sources */,
				8BC09DB1211359A200DC463D /* TimelineLayoutService.swift in Sources */,
				8B7417B41F89249D00A5D37E /* SQMessageCell.swift in Sources */,
				8BF4F91120E28F1C00A6E693 /* TimelineService.swift in Sources */,
				8B8F39DA210CCB9100E53CBC /* String+Extension.swift in Sources */,
				8BDCD9251F658C0A00C53260 /* SQRootViewController.swift in Sources */,
				8BFA39D42115542A004DAA90 /* TZVideoPlayerController.m in Sources */,
				8BFA39DE2115542A004DAA90 /* TZImagePickerController.m in Sources */,
				8B5F5B391F700A45007C07D0 /* SQFriendsViewController.swift in Sources */,
				8B7417B01F891AFD00A5D37E /* SQSearchResultViewController.swift in Sources */,
				8B1238EC210DF6470048D25D /* LoginAPI.swift in Sources */,
				8BDCD8DE1F65848300C53260 /* AppDelegate.swift in Sources */,
				8BFA39D22115542A004DAA90 /* TZImageCropManager.m in Sources */,
				8BFA39DF2115542A004DAA90 /* TZLocationManager.m in Sources */,
				8B9ED8C520BABF06009CA600 /* NetworkManager.swift in Sources */,
				8BBBA65B1F79FCFA008E18A5 /* UIColor+Extension.swift in Sources */,
				8BFA39B12115336C004DAA90 /* SystemPhotoService.swift in Sources */,
				8BE1CD3220936AFA007E017D /* FriendService.swift in Sources */,
				8BFA39DC2115542A004DAA90 /* TZPhotoPickerController.m in Sources */,
			);
			runOnlyForDeploymentPostprocessing = 0;
		};
		8BDCD8EA1F65848300C53260 /* Sources */ = {
			isa = PBXSourcesBuildPhase;
			buildActionMask = 2147483647;
			files = (
				8BDCD8F31F65848300C53260 /* WeChatTests.swift in Sources */,
			);
			runOnlyForDeploymentPostprocessing = 0;
		};
		8BDCD8F51F65848300C53260 /* Sources */ = {
			isa = PBXSourcesBuildPhase;
			buildActionMask = 2147483647;
			files = (
				8BDCD8FE1F65848300C53260 /* WeChatUITests.swift in Sources */,
			);
			runOnlyForDeploymentPostprocessing = 0;
		};
/* End PBXSourcesBuildPhase section */

/* Begin PBXTargetDependency section */
		8BDCD8F01F65848300C53260 /* PBXTargetDependency */ = {
			isa = PBXTargetDependency;
			target = 8BDCD8D91F65848300C53260 /* WeChat */;
			targetProxy = 8BDCD8EF1F65848300C53260 /* PBXContainerItemProxy */;
		};
		8BDCD8FB1F65848300C53260 /* PBXTargetDependency */ = {
			isa = PBXTargetDependency;
			target = 8BDCD8D91F65848300C53260 /* WeChat */;
			targetProxy = 8BDCD8FA1F65848300C53260 /* PBXContainerItemProxy */;
		};
/* End PBXTargetDependency section */

/* Begin XCBuildConfiguration section */
		8BDCD9001F65848300C53260 /* Debug */ = {
			isa = XCBuildConfiguration;
			buildSettings = {
				ALWAYS_SEARCH_USER_PATHS = NO;
				CLANG_ANALYZER_NONNULL = YES;
				CLANG_ANALYZER_NUMBER_OBJECT_CONVERSION = YES_AGGRESSIVE;
				CLANG_CXX_LANGUAGE_STANDARD = "gnu++14";
				CLANG_CXX_LIBRARY = "libc++";
				CLANG_ENABLE_MODULES = YES;
				CLANG_ENABLE_OBJC_ARC = YES;
				CLANG_WARN_BLOCK_CAPTURE_AUTORELEASING = YES;
				CLANG_WARN_BOOL_CONVERSION = YES;
				CLANG_WARN_COMMA = YES;
				CLANG_WARN_CONSTANT_CONVERSION = YES;
				CLANG_WARN_DEPRECATED_OBJC_IMPLEMENTATIONS = YES;
				CLANG_WARN_DIRECT_OBJC_ISA_USAGE = YES_ERROR;
				CLANG_WARN_DOCUMENTATION_COMMENTS = YES;
				CLANG_WARN_EMPTY_BODY = YES;
				CLANG_WARN_ENUM_CONVERSION = YES;
				CLANG_WARN_INFINITE_RECURSION = YES;
				CLANG_WARN_INT_CONVERSION = YES;
				CLANG_WARN_NON_LITERAL_NULL_CONVERSION = YES;
				CLANG_WARN_OBJC_IMPLICIT_RETAIN_SELF = YES;
				CLANG_WARN_OBJC_LITERAL_CONVERSION = YES;
				CLANG_WARN_OBJC_ROOT_CLASS = YES_ERROR;
				CLANG_WARN_RANGE_LOOP_ANALYSIS = YES;
				CLANG_WARN_STRICT_PROTOTYPES = YES;
				CLANG_WARN_SUSPICIOUS_MOVE = YES;
				CLANG_WARN_UNGUARDED_AVAILABILITY = YES_AGGRESSIVE;
				CLANG_WARN_UNREACHABLE_CODE = YES;
				CLANG_WARN__DUPLICATE_METHOD_MATCH = YES;
				CODE_SIGN_IDENTITY = "iPhone Developer";
				COPY_PHASE_STRIP = NO;
				DEBUG_INFORMATION_FORMAT = dwarf;
				ENABLE_STRICT_OBJC_MSGSEND = YES;
				ENABLE_TESTABILITY = YES;
				GCC_C_LANGUAGE_STANDARD = gnu11;
				GCC_DYNAMIC_NO_PIC = NO;
				GCC_NO_COMMON_BLOCKS = YES;
				GCC_OPTIMIZATION_LEVEL = 0;
				GCC_PREPROCESSOR_DEFINITIONS = (
					"DEBUG=1",
					"$(inherited)",
				);
				GCC_WARN_64_TO_32_BIT_CONVERSION = YES;
				GCC_WARN_ABOUT_RETURN_TYPE = YES_ERROR;
				GCC_WARN_UNDECLARED_SELECTOR = YES;
				GCC_WARN_UNINITIALIZED_AUTOS = YES_AGGRESSIVE;
				GCC_WARN_UNUSED_FUNCTION = YES;
				GCC_WARN_UNUSED_VARIABLE = YES;
				IPHONEOS_DEPLOYMENT_TARGET = 11.0;
				MTL_ENABLE_DEBUG_INFO = YES;
				ONLY_ACTIVE_ARCH = YES;
				SDKROOT = iphoneos;
				SWIFT_ACTIVE_COMPILATION_CONDITIONS = DEBUG;
				SWIFT_OPTIMIZATION_LEVEL = "-Onone";
			};
			name = Debug;
		};
		8BDCD9011F65848300C53260 /* Release */ = {
			isa = XCBuildConfiguration;
			buildSettings = {
				ALWAYS_SEARCH_USER_PATHS = NO;
				CLANG_ANALYZER_NONNULL = YES;
				CLANG_ANALYZER_NUMBER_OBJECT_CONVERSION = YES_AGGRESSIVE;
				CLANG_CXX_LANGUAGE_STANDARD = "gnu++14";
				CLANG_CXX_LIBRARY = "libc++";
				CLANG_ENABLE_MODULES = YES;
				CLANG_ENABLE_OBJC_ARC = YES;
				CLANG_WARN_BLOCK_CAPTURE_AUTORELEASING = YES;
				CLANG_WARN_BOOL_CONVERSION = YES;
				CLANG_WARN_COMMA = YES;
				CLANG_WARN_CONSTANT_CONVERSION = YES;
				CLANG_WARN_DEPRECATED_OBJC_IMPLEMENTATIONS = YES;
				CLANG_WARN_DIRECT_OBJC_ISA_USAGE = YES_ERROR;
				CLANG_WARN_DOCUMENTATION_COMMENTS = YES;
				CLANG_WARN_EMPTY_BODY = YES;
				CLANG_WARN_ENUM_CONVERSION = YES;
				CLANG_WARN_INFINITE_RECURSION = YES;
				CLANG_WARN_INT_CONVERSION = YES;
				CLANG_WARN_NON_LITERAL_NULL_CONVERSION = YES;
				CLANG_WARN_OBJC_IMPLICIT_RETAIN_SELF = YES;
				CLANG_WARN_OBJC_LITERAL_CONVERSION = YES;
				CLANG_WARN_OBJC_ROOT_CLASS = YES_ERROR;
				CLANG_WARN_RANGE_LOOP_ANALYSIS = YES;
				CLANG_WARN_STRICT_PROTOTYPES = YES;
				CLANG_WARN_SUSPICIOUS_MOVE = YES;
				CLANG_WARN_UNGUARDED_AVAILABILITY = YES_AGGRESSIVE;
				CLANG_WARN_UNREACHABLE_CODE = YES;
				CLANG_WARN__DUPLICATE_METHOD_MATCH = YES;
				CODE_SIGN_IDENTITY = "iPhone Developer";
				COPY_PHASE_STRIP = NO;
				DEBUG_INFORMATION_FORMAT = "dwarf-with-dsym";
				ENABLE_NS_ASSERTIONS = NO;
				ENABLE_STRICT_OBJC_MSGSEND = YES;
				GCC_C_LANGUAGE_STANDARD = gnu11;
				GCC_NO_COMMON_BLOCKS = YES;
				GCC_WARN_64_TO_32_BIT_CONVERSION = YES;
				GCC_WARN_ABOUT_RETURN_TYPE = YES_ERROR;
				GCC_WARN_UNDECLARED_SELECTOR = YES;
				GCC_WARN_UNINITIALIZED_AUTOS = YES_AGGRESSIVE;
				GCC_WARN_UNUSED_FUNCTION = YES;
				GCC_WARN_UNUSED_VARIABLE = YES;
				IPHONEOS_DEPLOYMENT_TARGET = 11.0;
				MTL_ENABLE_DEBUG_INFO = NO;
				SDKROOT = iphoneos;
				SWIFT_OPTIMIZATION_LEVEL = "-Owholemodule";
				VALIDATE_PRODUCT = YES;
			};
			name = Release;
		};
		8BDCD9031F65848300C53260 /* Debug */ = {
			isa = XCBuildConfiguration;
			baseConfigurationReference = 6B7B610F63FF91C8394C4FDC /* Pods-WeChat.debug.xcconfig */;
			buildSettings = {
				ASSETCATALOG_COMPILER_APPICON_NAME = AppIcon;
				ASSETCATALOG_COMPILER_LAUNCHIMAGE_NAME = "LaunchImage-1";
				CODE_SIGN_STYLE = Automatic;
				DEVELOPMENT_TEAM = XEUU8QPCTR;
				INFOPLIST_FILE = WeChat/Info.plist;
				IPHONEOS_DEPLOYMENT_TARGET = 10.0;
				LD_RUNPATH_SEARCH_PATHS = "$(inherited) @executable_path/Frameworks";
				PRODUCT_BUNDLE_IDENTIFIER = com.ysq.wechat;
				PRODUCT_NAME = "$(TARGET_NAME)";
				SWIFT_OBJC_BRIDGING_HEADER = "$(SRCROOT)/WeChat/AppDelegate/swift-bridge.h";
				SWIFT_VERSION = 4.0;
				TARGETED_DEVICE_FAMILY = "1,2";
			};
			name = Debug;
		};
		8BDCD9041F65848300C53260 /* Release */ = {
			isa = XCBuildConfiguration;
			baseConfigurationReference = AEE4468C1F57F72399EAC9D4 /* Pods-WeChat.release.xcconfig */;
			buildSettings = {
				ASSETCATALOG_COMPILER_APPICON_NAME = AppIcon;
				ASSETCATALOG_COMPILER_LAUNCHIMAGE_NAME = "LaunchImage-1";
				CODE_SIGN_STYLE = Automatic;
				DEVELOPMENT_TEAM = XEUU8QPCTR;
				INFOPLIST_FILE = WeChat/Info.plist;
				IPHONEOS_DEPLOYMENT_TARGET = 10.0;
				LD_RUNPATH_SEARCH_PATHS = "$(inherited) @executable_path/Frameworks";
				PRODUCT_BUNDLE_IDENTIFIER = com.ysq.wechat;
				PRODUCT_NAME = "$(TARGET_NAME)";
				SWIFT_OBJC_BRIDGING_HEADER = "$(SRCROOT)/WeChat/AppDelegate/swift-bridge.h";
				SWIFT_VERSION = 4.0;
				TARGETED_DEVICE_FAMILY = "1,2";
			};
			name = Release;
		};
		8BDCD9061F65848300C53260 /* Debug */ = {
			isa = XCBuildConfiguration;
			baseConfigurationReference = 980D8F0135CA73C5C0FE7FE8 /* Pods-WeChatTests.debug.xcconfig */;
			buildSettings = {
				ALWAYS_EMBED_SWIFT_STANDARD_LIBRARIES = YES;
				BUNDLE_LOADER = "$(TEST_HOST)";
				CODE_SIGN_STYLE = Automatic;
				DEVELOPMENT_TEAM = KAN8WX649Q;
				INFOPLIST_FILE = WeChatTests/Info.plist;
				LD_RUNPATH_SEARCH_PATHS = "$(inherited) @executable_path/Frameworks @loader_path/Frameworks";
				PRODUCT_BUNDLE_IDENTIFIER = ysq.WeChatTests;
				PRODUCT_NAME = "$(TARGET_NAME)";
				SWIFT_VERSION = 4.0;
				TARGETED_DEVICE_FAMILY = "1,2";
				TEST_HOST = "$(BUILT_PRODUCTS_DIR)/WeChat.app/WeChat";
			};
			name = Debug;
		};
		8BDCD9071F65848300C53260 /* Release */ = {
			isa = XCBuildConfiguration;
			baseConfigurationReference = 314EE026DBE1BC6C19D1E965 /* Pods-WeChatTests.release.xcconfig */;
			buildSettings = {
				ALWAYS_EMBED_SWIFT_STANDARD_LIBRARIES = YES;
				BUNDLE_LOADER = "$(TEST_HOST)";
				CODE_SIGN_STYLE = Automatic;
				DEVELOPMENT_TEAM = KAN8WX649Q;
				INFOPLIST_FILE = WeChatTests/Info.plist;
				LD_RUNPATH_SEARCH_PATHS = "$(inherited) @executable_path/Frameworks @loader_path/Frameworks";
				PRODUCT_BUNDLE_IDENTIFIER = ysq.WeChatTests;
				PRODUCT_NAME = "$(TARGET_NAME)";
				SWIFT_VERSION = 4.0;
				TARGETED_DEVICE_FAMILY = "1,2";
				TEST_HOST = "$(BUILT_PRODUCTS_DIR)/WeChat.app/WeChat";
			};
			name = Release;
		};
		8BDCD9091F65848300C53260 /* Debug */ = {
			isa = XCBuildConfiguration;
			baseConfigurationReference = 50D505C4DC05ED1E5F736CED /* Pods-WeChatUITests.debug.xcconfig */;
			buildSettings = {
				ALWAYS_EMBED_SWIFT_STANDARD_LIBRARIES = YES;
				CODE_SIGN_STYLE = Automatic;
				DEVELOPMENT_TEAM = KAN8WX649Q;
				INFOPLIST_FILE = WeChatUITests/Info.plist;
				LD_RUNPATH_SEARCH_PATHS = "$(inherited) @executable_path/Frameworks @loader_path/Frameworks";
				PRODUCT_BUNDLE_IDENTIFIER = ysq.WeChatUITests;
				PRODUCT_NAME = "$(TARGET_NAME)";
				SWIFT_VERSION = 4.0;
				TARGETED_DEVICE_FAMILY = "1,2";
				TEST_TARGET_NAME = WeChat;
			};
			name = Debug;
		};
		8BDCD90A1F65848300C53260 /* Release */ = {
			isa = XCBuildConfiguration;
			baseConfigurationReference = D75F30ECC681264864A4A7BA /* Pods-WeChatUITests.release.xcconfig */;
			buildSettings = {
				ALWAYS_EMBED_SWIFT_STANDARD_LIBRARIES = YES;
				CODE_SIGN_STYLE = Automatic;
				DEVELOPMENT_TEAM = KAN8WX649Q;
				INFOPLIST_FILE = WeChatUITests/Info.plist;
				LD_RUNPATH_SEARCH_PATHS = "$(inherited) @executable_path/Frameworks @loader_path/Frameworks";
				PRODUCT_BUNDLE_IDENTIFIER = ysq.WeChatUITests;
				PRODUCT_NAME = "$(TARGET_NAME)";
				SWIFT_VERSION = 4.0;
				TARGETED_DEVICE_FAMILY = "1,2";
				TEST_TARGET_NAME = WeChat;
			};
			name = Release;
		};
/* End XCBuildConfiguration section */

/* Begin XCConfigurationList section */
		8BDCD8D51F65848300C53260 /* Build configuration list for PBXProject "WeChat" */ = {
			isa = XCConfigurationList;
			buildConfigurations = (
				8BDCD9001F65848300C53260 /* Debug */,
				8BDCD9011F65848300C53260 /* Release */,
			);
			defaultConfigurationIsVisible = 0;
			defaultConfigurationName = Release;
		};
		8BDCD9021F65848300C53260 /* Build configuration list for PBXNativeTarget "WeChat" */ = {
			isa = XCConfigurationList;
			buildConfigurations = (
				8BDCD9031F65848300C53260 /* Debug */,
				8BDCD9041F65848300C53260 /* Release */,
			);
			defaultConfigurationIsVisible = 0;
			defaultConfigurationName = Release;
		};
		8BDCD9051F65848300C53260 /* Build configuration list for PBXNativeTarget "WeChatTests" */ = {
			isa = XCConfigurationList;
			buildConfigurations = (
				8BDCD9061F65848300C53260 /* Debug */,
				8BDCD9071F65848300C53260 /* Release */,
			);
			defaultConfigurationIsVisible = 0;
			defaultConfigurationName = Release;
		};
		8BDCD9081F65848300C53260 /* Build configuration list for PBXNativeTarget "WeChatUITests" */ = {
			isa = XCConfigurationList;
			buildConfigurations = (
				8BDCD9091F65848300C53260 /* Debug */,
				8BDCD90A1F65848300C53260 /* Release */,
			);
			defaultConfigurationIsVisible = 0;
			defaultConfigurationName = Release;
		};
/* End XCConfigurationList section */
	};
	rootObject = 8BDCD8D21F65848300C53260 /* Project object */;
}
